
Microsoft Visual Studio Solution File, Format Version 12.00
# Visual Studio Version 17
VisualStudioVersion = 17.11.35222.181
MinimumVisualStudioVersion = 10.0.40219.1
Project("{FAE04EC0-301F-11D3-BF4B-00C04F79EFBC}") = "GroupProject", "GroupProject.csproj", "{4E257ADB-31EC-40D0-9516-B17E816BECF0}"
EndProject
Global
	GlobalSection(SolutionConfigurationPlatforms) = preSolution
		Debug|Any CPU = Debug|Any CPU
		Release|Any CPU = Release|Any CPU
	EndGlobalSection
	GlobalSection(ProjectConfigurationPlatforms) = postSolution
		{4E257ADB-31EC-40D0-9516-B17E816BECF0}.Debug|Any CPU.ActiveCfg = Debug|Any CPU
		{4E257ADB-31EC-40D0-9516-B17E816BECF0}.Debug|Any CPU.Build.0 = Debug|Any CPU
		{4E257ADB-31EC-40D0-9516-B17E816BECF0}.Release|Any CPU.ActiveCfg = Release|Any CPU
		{4E257ADB-31EC-40D0-9516-B17E816BECF0}.Release|Any CPU.Build.0 = Release|Any CPU
	EndGlobalSection
	GlobalSection(SolutionProperties) = preSolution
		HideSolutionNode = FALSE
	EndGlobalSection
	GlobalSection(ExtensibilityGlobals) = postSolution
		SolutionGuid = {BF9FDF02-8415-4335-8C7D-5C26DD1D6D78}
	EndGlobalSection
EndGlobal
